hash: ec53df121691cbd683546af77ab6d3bea21b79693d60f662c87b2ebd83c29680
updated: 2018-09-01T11:21:22.317917162+02:00
imports:
- name: github.com/abbot/go-http-auth
  version: efc9484eee77263a11f158ef4f30fcc30298a942
- name: github.com/beorn7/perks
  version: 3a771d992973f24aa725d07868b467d1ddfceafb
  subpackages:
  - quantile
- name: github.com/cjoudrey/gluahttp
  version: 7065ce73b887f40cfa36eba8ae857cfbdb8ed78f
- name: github.com/cjoudrey/gluaurl
  version: 31cbb9bef199454415879f2e6d609d1136d60cad
- name: github.com/coreos/go-oidc
  version: 8ae1da518bd4d9d5a5909090a184af30f336436d
- name: github.com/dimfeld/httppath
  version: ee938bf735983d53694d79138ad9820efff94c92
- name: github.com/golang/protobuf
  version: b27b920f9e71b439b873b17bf99f56467623814a
  subpackages:
  - proto
- name: github.com/google/go-cmp
  version: 2006917edc5a27cd174dbc4baba31a137d6cb9ff
  subpackages:
  - cmp
  - cmp/internal/diff
  - cmp/internal/function
  - cmp/internal/value
- name: github.com/matttproud/golang_protobuf_extensions
  version: c12348ce28de40eed0136aa2b644d0ee0650e56c
  subpackages:
  - pbutil
- name: github.com/oklog/ulid
  version: d311cb43c92434ec4072dfbbda3400741d0a6337
- name: github.com/opentracing/opentracing-go
  version: bd9c3193394760d98b2fa6ebb2291f0cd1d06a7d
  subpackages:
  - ext
  - log
- name: github.com/pquerna/cachecontrol
  version: 1555304b9b35fdd2b425bccf1a5613677705e7d0
  subpackages:
  - cacheobject
- name: github.com/prometheus/client_golang
  version: 967789050ba94deca04a5e84cce8ad472ce313c1
  subpackages:
  - prometheus
  - prometheus/promhttp
- name: github.com/prometheus/client_model
  version: 5c3871d89910bfb32f5fcab2aa4b9ec68e65a99f
  subpackages:
  - go
- name: github.com/prometheus/common
  version: c7de2306084e37d54b8be01f3541a8464345e9a5
  subpackages:
  - expfmt
  - internal/bitbucket.org/ww/goautoneg
  - model
- name: github.com/prometheus/procfs
  version: 05ee40e3a273f7245e8777337fc7b46e533a9a92
  subpackages:
  - internal/util
  - nfs
  - xfs
- name: github.com/rcrowley/go-metrics
  version: e2704e165165ec55d062f5919b4b29494e9fa790
- name: github.com/sirupsen/logrus
  version: 3e01752db0189b9157070a0e1668a620f9a85da2
- name: github.com/sony/gobreaker
  version: 3cb67c77c1d1e72fda30c6970578164d24f806b6
- name: github.com/szuecs/rate-limit-buffer
  version: 1a179ab26baf3b8450aaaa662e3120155fadb39d
- name: github.com/yuin/gopher-lua
  version: b942cacc89fe49895d145e8b360612a9a51d0423
  subpackages:
  - ast
  - parse
  - pm
- name: golang.org/x/crypto
  version: 182538f80094b6a8efaade63a8fd8e0d9d5843dd
  subpackages:
  - bcrypt
  - blowfish
  - ed25519
  - ed25519/internal/edwards25519
  - pbkdf2
  - scrypt
  - ssh/terminal
- name: golang.org/x/net
  version: 8a410e7b638dca158bf9e766925842f6651ff828
  subpackages:
  - context
  - context/ctxhttp
- name: golang.org/x/oauth2
  version: d2e6202438beef2727060aa7cabdd924d92ebfd9
  subpackages:
  - internal
- name: golang.org/x/sys
  version: fa5fdf94c78965f1aa8423f0cc50b8b8d728b05a
  subpackages:
  - unix
  - windows
- name: google.golang.org/appengine
  version: 03cac3b07182cfb08c0d0c0b6ee72a1ceb151c92
  subpackages:
  - internal
  - internal/base
  - internal/datastore
  - internal/log
  - internal/remote_api
  - internal/urlfetch
  - urlfetch
- name: gopkg.in/square/go-jose.v2
  version: 8254d6c783765f38c8675fae4427a1fe73fbd09d
  subpackages:
  - cipher
  - json
- name: layeh.com/gopher-json
  version: 1aab82196e3b418b56866938f28b6a693f2c6b18
testImports:
- name: github.com/davecgh/go-spew
  version: d8f796af33cc11cb798c1aaeb27a4ebc5099927d
  subpackages:
  - spew
- name: github.com/pmezard/go-difflib
  version: 792786c7400a136282c1664665ae0a8db921c6c2
  subpackages:
  - difflib
- name: github.com/sanity-io/litter
  version: 09e3a73d5b65eac2f14578aec8fb74ee9b4f1a5e
- name: github.com/stretchr/testify
  version: f35b8ab0b5a2cef36673838d662e249dd9c94686
  subpackages:
  - assert
